
Microsoft Visual Studio Solution File, Format Version 12.00
# Visual Studio 15
VisualStudioVersion = 15.0.26730.16
MinimumVisualStudioVersion = 10.0.40219.1
Project("{9A19103F-16F7-4668-BE54-9A1E7A4F7556}") = "Comms", "Comms\Comms.csproj", "{1FFDACA5-7ACD-499E-8E08-37A3BBCE015A}"
EndProject
Project("{9A19103F-16F7-4668-BE54-9A1E7A4F7556}") = "CommsConsole", "CommsConsole\CommsConsole.csproj", "{B7987880-9299-43A8-B730-AEDCC24C494F}"
EndProject
Project("{FAE04EC0-301F-11D3-BF4B-00C04F79EFBC}") = "MDPBrokerProcess", "MDPBrokerProcess\MDPBrokerProcess.csproj", "{110BC076-1D16-4593-B0C0-62F0A67ED264}"
EndProject
Project("{FAE04EC0-301F-11D3-BF4B-00C04F79EFBC}") = "MajordomoProtocol", "MajordomoProtocol\MajordomoProtocol.csproj", "{A16EBCCB-A575-4BA5-813D-C8AD925D5A59}"
EndProject
Project("{FAE04EC0-301F-11D3-BF4B-00C04F79EFBC}") = "MDPCommons", "MDPCommons\MDPCommons.csproj", "{EC5A112C-5652-4EAA-BEE9-BF1A98F719C4}"
EndProject
Project("{FAE04EC0-301F-11D3-BF4B-00C04F79EFBC}") = "MDPWorker", "MDPWorkerExample\MDPWorker.csproj", "{BEDD69FB-36D7-4E11-9306-FB4BF97F356E}"
EndProject
Project("{FAE04EC0-301F-11D3-BF4B-00C04F79EFBC}") = "MDPClient", "MDPClientAsyncExample\MDPClient.csproj", "{E6115527-4D2B-4196-8C89-8A8D44141E5D}"
EndProject
Project("{9A19103F-16F7-4668-BE54-9A1E7A4F7556}") = "AMLWorker", "AMLWorker\AMLWorker.csproj", "{24AD8D7E-3FA5-474E-B4E9-765F68592841}"
EndProject
Project("{9A19103F-16F7-4668-BE54-9A1E7A4F7556}") = "Logger", "Logger\Logger.csproj", "{300C01E8-BCE0-4863-934A-2BD6BE77A033}"
EndProject
Project("{9A19103F-16F7-4668-BE54-9A1E7A4F7556}") = "AmlClient", "AmlClient\AmlClient.csproj", "{D71963E1-6040-4A3B-8ED7-530515A5CFF5}"
EndProject
Project("{FAE04EC0-301F-11D3-BF4B-00C04F79EFBC}") = "Shared", "Shared\Shared.csproj", "{CCF47070-6258-4A4E-B918-E16022127AFA}"
EndProject
Global
	GlobalSection(SolutionConfigurationPlatforms) = preSolution
		Debug|Any CPU = Debug|Any CPU
		Debug|x64 = Debug|x64
		Debug|x86 = Debug|x86
		Release|Any CPU = Release|Any CPU
		Release|x64 = Release|x64
		Release|x86 = Release|x86
	EndGlobalSection
	GlobalSection(ProjectConfigurationPlatforms) = postSolution
		{1FFDACA5-7ACD-499E-8E08-37A3BBCE015A}.Debug|Any CPU.ActiveCfg = Debug|Any CPU
		{1FFDACA5-7ACD-499E-8E08-37A3BBCE015A}.Debug|Any CPU.Build.0 = Debug|Any CPU
		{1FFDACA5-7ACD-499E-8E08-37A3BBCE015A}.Debug|x64.ActiveCfg = Debug|Any CPU
		{1FFDACA5-7ACD-499E-8E08-37A3BBCE015A}.Debug|x64.Build.0 = Debug|Any CPU
		{1FFDACA5-7ACD-499E-8E08-37A3BBCE015A}.Debug|x86.ActiveCfg = Debug|Any CPU
		{1FFDACA5-7ACD-499E-8E08-37A3BBCE015A}.Debug|x86.Build.0 = Debug|Any CPU
		{1FFDACA5-7ACD-499E-8E08-37A3BBCE015A}.Release|Any CPU.ActiveCfg = Release|Any CPU
		{1FFDACA5-7ACD-499E-8E08-37A3BBCE015A}.Release|Any CPU.Build.0 = Release|Any CPU
		{1FFDACA5-7ACD-499E-8E08-37A3BBCE015A}.Release|x64.ActiveCfg = Release|Any CPU
		{1FFDACA5-7ACD-499E-8E08-37A3BBCE015A}.Release|x64.Build.0 = Release|Any CPU
		{1FFDACA5-7ACD-499E-8E08-37A3BBCE015A}.Release|x86.ActiveCfg = Release|Any CPU
		{1FFDACA5-7ACD-499E-8E08-37A3BBCE015A}.Release|x86.Build.0 = Release|Any CPU
		{B7987880-9299-43A8-B730-AEDCC24C494F}.Debug|Any CPU.ActiveCfg = Debug|Any CPU
		{B7987880-9299-43A8-B730-AEDCC24C494F}.Debug|Any CPU.Build.0 = Debug|Any CPU
		{B7987880-9299-43A8-B730-AEDCC24C494F}.Debug|x64.ActiveCfg = Debug|Any CPU
		{B7987880-9299-43A8-B730-AEDCC24C494F}.Debug|x64.Build.0 = Debug|Any CPU
		{B7987880-9299-43A8-B730-AEDCC24C494F}.Debug|x86.ActiveCfg = Debug|Any CPU
		{B7987880-9299-43A8-B730-AEDCC24C494F}.Debug|x86.Build.0 = Debug|Any CPU
		{B7987880-9299-43A8-B730-AEDCC24C494F}.Release|Any CPU.ActiveCfg = Release|Any CPU
		{B7987880-9299-43A8-B730-AEDCC24C494F}.Release|Any CPU.Build.0 = Release|Any CPU
		{B7987880-9299-43A8-B730-AEDCC24C494F}.Release|x64.ActiveCfg = Release|Any CPU
		{B7987880-9299-43A8-B730-AEDCC24C494F}.Release|x64.Build.0 = Release|Any CPU
		{B7987880-9299-43A8-B730-AEDCC24C494F}.Release|x86.ActiveCfg = Release|Any CPU
		{B7987880-9299-43A8-B730-AEDCC24C494F}.Release|x86.Build.0 = Release|Any CPU
		{110BC076-1D16-4593-B0C0-62F0A67ED264}.Debug|Any CPU.ActiveCfg = Debug|Any CPU
		{110BC076-1D16-4593-B0C0-62F0A67ED264}.Debug|Any CPU.Build.0 = Debug|Any CPU
		{110BC076-1D16-4593-B0C0-62F0A67ED264}.Debug|x64.ActiveCfg = Debug|x64
		{110BC076-1D16-4593-B0C0-62F0A67ED264}.Debug|x64.Build.0 = Debug|x64
		{110BC076-1D16-4593-B0C0-62F0A67ED264}.Debug|x86.ActiveCfg = Debug|x86
		{110BC076-1D16-4593-B0C0-62F0A67ED264}.Debug|x86.Build.0 = Debug|x86
		{110BC076-1D16-4593-B0C0-62F0A67ED264}.Release|Any CPU.ActiveCfg = Release|Any CPU
		{110BC076-1D16-4593-B0C0-62F0A67ED264}.Release|Any CPU.Build.0 = Release|Any CPU
		{110BC076-1D16-4593-B0C0-62F0A67ED264}.Release|x64.ActiveCfg = Release|x64
		{110BC076-1D16-4593-B0C0-62F0A67ED264}.Release|x64.Build.0 = Release|x64
		{110BC076-1D16-4593-B0C0-62F0A67ED264}.Release|x86.ActiveCfg = Release|x86
		{110BC076-1D16-4593-B0C0-62F0A67ED264}.Release|x86.Build.0 = Release|x86
		{A16EBCCB-A575-4BA5-813D-C8AD925D5A59}.Debug|Any CPU.ActiveCfg = Debug|Any CPU
		{A16EBCCB-A575-4BA5-813D-C8AD925D5A59}.Debug|Any CPU.Build.0 = Debug|Any CPU
		{A16EBCCB-A575-4BA5-813D-C8AD925D5A59}.Debug|x64.ActiveCfg = Debug|x64
		{A16EBCCB-A575-4BA5-813D-C8AD925D5A59}.Debug|x64.Build.0 = Debug|x64
		{A16EBCCB-A575-4BA5-813D-C8AD925D5A59}.Debug|x86.ActiveCfg = Debug|x86
		{A16EBCCB-A575-4BA5-813D-C8AD925D5A59}.Debug|x86.Build.0 = Debug|x86
		{A16EBCCB-A575-4BA5-813D-C8AD925D5A59}.Release|Any CPU.ActiveCfg = Release|Any CPU
		{A16EBCCB-A575-4BA5-813D-C8AD925D5A59}.Release|Any CPU.Build.0 = Release|Any CPU
		{A16EBCCB-A575-4BA5-813D-C8AD925D5A59}.Release|x64.ActiveCfg = Release|x64
		{A16EBCCB-A575-4BA5-813D-C8AD925D5A59}.Release|x64.Build.0 = Release|x64
		{A16EBCCB-A575-4BA5-813D-C8AD925D5A59}.Release|x86.ActiveCfg = Release|x86
		{A16EBCCB-A575-4BA5-813D-C8AD925D5A59}.Release|x86.Build.0 = Release|x86
		{EC5A112C-5652-4EAA-BEE9-BF1A98F719C4}.Debug|Any CPU.ActiveCfg = Debug|Any CPU
		{EC5A112C-5652-4EAA-BEE9-BF1A98F719C4}.Debug|Any CPU.Build.0 = Debug|Any CPU
		{EC5A112C-5652-4EAA-BEE9-BF1A98F719C4}.Debug|x64.ActiveCfg = Debug|x64
		{EC5A112C-5652-4EAA-BEE9-BF1A98F719C4}.Debug|x64.Build.0 = Debug|x64
		{EC5A112C-5652-4EAA-BEE9-BF1A98F719C4}.Debug|x86.ActiveCfg = Debug|x86
		{EC5A112C-5652-4EAA-BEE9-BF1A98F719C4}.Debug|x86.Build.0 = Debug|x86
		{EC5A112C-5652-4EAA-BEE9-BF1A98F719C4}.Release|Any CPU.ActiveCfg = Release|Any CPU
		{EC5A112C-5652-4EAA-BEE9-BF1A98F719C4}.Release|Any CPU.Build.0 = Release|Any CPU
		{EC5A112C-5652-4EAA-BEE9-BF1A98F719C4}.Release|x64.ActiveCfg = Release|x64
		{EC5A112C-5652-4EAA-BEE9-BF1A98F719C4}.Release|x64.Build.0 = Release|x64
		{EC5A112C-5652-4EAA-BEE9-BF1A98F719C4}.Release|x86.ActiveCfg = Release|x86
		{EC5A112C-5652-4EAA-BEE9-BF1A98F719C4}.Release|x86.Build.0 = Release|x86
		{BEDD69FB-36D7-4E11-9306-FB4BF97F356E}.Debug|Any CPU.ActiveCfg = Debug|Any CPU
		{BEDD69FB-36D7-4E11-9306-FB4BF97F356E}.Debug|Any CPU.Build.0 = Debug|Any CPU
		{BEDD69FB-36D7-4E11-9306-FB4BF97F356E}.Debug|x64.ActiveCfg = Debug|x64
		{BEDD69FB-36D7-4E11-9306-FB4BF97F356E}.Debug|x64.Build.0 = Debug|x64
		{BEDD69FB-36D7-4E11-9306-FB4BF97F356E}.Debug|x86.ActiveCfg = Debug|x86
		{BEDD69FB-36D7-4E11-9306-FB4BF97F356E}.Debug|x86.Build.0 = Debug|x86
		{BEDD69FB-36D7-4E11-9306-FB4BF97F356E}.Release|Any CPU.ActiveCfg = Release|Any CPU
		{BEDD69FB-36D7-4E11-9306-FB4BF97F356E}.Release|Any CPU.Build.0 = Release|Any CPU
		{BEDD69FB-36D7-4E11-9306-FB4BF97F356E}.Release|x64.ActiveCfg = Release|x64
		{BEDD69FB-36D7-4E11-9306-FB4BF97F356E}.Release|x64.Build.0 = Release|x64
		{BEDD69FB-36D7-4E11-9306-FB4BF97F356E}.Release|x86.ActiveCfg = Release|x86
		{BEDD69FB-36D7-4E11-9306-FB4BF97F356E}.Release|x86.Build.0 = Release|x86
		{E6115527-4D2B-4196-8C89-8A8D44141E5D}.Debug|Any CPU.ActiveCfg = Debug|Any CPU
		{E6115527-4D2B-4196-8C89-8A8D44141E5D}.Debug|Any CPU.Build.0 = Debug|Any CPU
		{E6115527-4D2B-4196-8C89-8A8D44141E5D}.Debug|x64.ActiveCfg = Debug|Any CPU
		{E6115527-4D2B-4196-8C89-8A8D44141E5D}.Debug|x64.Build.0 = Debug|Any CPU
		{E6115527-4D2B-4196-8C89-8A8D44141E5D}.Debug|x86.ActiveCfg = Debug|Any CPU
		{E6115527-4D2B-4196-8C89-8A8D44141E5D}.Debug|x86.Build.0 = Debug|Any CPU
		{E6115527-4D2B-4196-8C89-8A8D44141E5D}.Release|Any CPU.ActiveCfg = Release|Any CPU
		{E6115527-4D2B-4196-8C89-8A8D44141E5D}.Release|Any CPU.Build.0 = Release|Any CPU
		{E6115527-4D2B-4196-8C89-8A8D44141E5D}.Release|x64.ActiveCfg = Release|Any CPU
		{E6115527-4D2B-4196-8C89-8A8D44141E5D}.Release|x64.Build.0 = Release|Any CPU
		{E6115527-4D2B-4196-8C89-8A8D44141E5D}.Release|x86.ActiveCfg = Release|Any CPU
		{E6115527-4D2B-4196-8C89-8A8D44141E5D}.Release|x86.Build.0 = Release|Any CPU
		{24AD8D7E-3FA5-474E-B4E9-765F68592841}.Debug|Any CPU.ActiveCfg = Debug|Any CPU
		{24AD8D7E-3FA5-474E-B4E9-765F68592841}.Debug|Any CPU.Build.0 = Debug|Any CPU
		{24AD8D7E-3FA5-474E-B4E9-765F68592841}.Debug|x64.ActiveCfg = Debug|Any CPU
		{24AD8D7E-3FA5-474E-B4E9-765F68592841}.Debug|x64.Build.0 = Debug|Any CPU
		{24AD8D7E-3FA5-474E-B4E9-765F68592841}.Debug|x86.ActiveCfg = Debug|Any CPU
		{24AD8D7E-3FA5-474E-B4E9-765F68592841}.Debug|x86.Build.0 = Debug|Any CPU
		{24AD8D7E-3FA5-474E-B4E9-765F68592841}.Release|Any CPU.ActiveCfg = Release|Any CPU
		{24AD8D7E-3FA5-474E-B4E9-765F68592841}.Release|Any CPU.Build.0 = Release|Any CPU
		{24AD8D7E-3FA5-474E-B4E9-765F68592841}.Release|x64.ActiveCfg = Release|Any CPU
		{24AD8D7E-3FA5-474E-B4E9-765F68592841}.Release|x64.Build.0 = Release|Any CPU
		{24AD8D7E-3FA5-474E-B4E9-765F68592841}.Release|x86.ActiveCfg = Release|Any CPU
		{24AD8D7E-3FA5-474E-B4E9-765F68592841}.Release|x86.Build.0 = Release|Any CPU
		{300C01E8-BCE0-4863-934A-2BD6BE77A033}.Debug|Any CPU.ActiveCfg = Debug|Any CPU
		{300C01E8-BCE0-4863-934A-2BD6BE77A033}.Debug|Any CPU.Build.0 = Debug|Any CPU
		{300C01E8-BCE0-4863-934A-2BD6BE77A033}.Debug|x64.ActiveCfg = Debug|Any CPU
		{300C01E8-BCE0-4863-934A-2BD6BE77A033}.Debug|x64.Build.0 = Debug|Any CPU
		{300C01E8-BCE0-4863-934A-2BD6BE77A033}.Debug|x86.ActiveCfg = Debug|Any CPU
		{300C01E8-BCE0-4863-934A-2BD6BE77A033}.Debug|x86.Build.0 = Debug|Any CPU
		{300C01E8-BCE0-4863-934A-2BD6BE77A033}.Release|Any CPU.ActiveCfg = Release|Any CPU
		{300C01E8-BCE0-4863-934A-2BD6BE77A033}.Release|Any CPU.Build.0 = Release|Any CPU
		{300C01E8-BCE0-4863-934A-2BD6BE77A033}.Release|x64.ActiveCfg = Release|Any CPU
		{300C01E8-BCE0-4863-934A-2BD6BE77A033}.Release|x64.Build.0 = Release|Any CPU
		{300C01E8-BCE0-4863-934A-2BD6BE77A033}.Release|x86.ActiveCfg = Release|Any CPU
		{300C01E8-BCE0-4863-934A-2BD6BE77A033}.Release|x86.Build.0 = Release|Any CPU
		{D71963E1-6040-4A3B-8ED7-530515A5CFF5}.Debug|Any CPU.ActiveCfg = Debug|Any CPU
		{D71963E1-6040-4A3B-8ED7-530515A5CFF5}.Debug|Any CPU.Build.0 = Debug|Any CPU
		{D71963E1-6040-4A3B-8ED7-530515A5CFF5}.Debug|x64.ActiveCfg = Debug|Any CPU
		{D71963E1-6040-4A3B-8ED7-530515A5CFF5}.Debug|x64.Build.0 = Debug|Any CPU
		{D71963E1-6040-4A3B-8ED7-530515A5CFF5}.Debug|x86.ActiveCfg = Debug|Any CPU
		{D71963E1-6040-4A3B-8ED7-530515A5CFF5}.Debug|x86.Build.0 = Debug|Any CPU
		{D71963E1-6040-4A3B-8ED7-530515A5CFF5}.Release|Any CPU.ActiveCfg = Release|Any CPU
		{D71963E1-6040-4A3B-8ED7-530515A5CFF5}.Release|Any CPU.Build.0 = Release|Any CPU
		{D71963E1-6040-4A3B-8ED7-530515A5CFF5}.Release|x64.ActiveCfg = Release|Any CPU
		{D71963E1-6040-4A3B-8ED7-530515A5CFF5}.Release|x64.Build.0 = Release|Any CPU
		{D71963E1-6040-4A3B-8ED7-530515A5CFF5}.Release|x86.ActiveCfg = Release|Any CPU
		{D71963E1-6040-4A3B-8ED7-530515A5CFF5}.Release|x86.Build.0 = Release|Any CPU
		{CCF47070-6258-4A4E-B918-E16022127AFA}.Debug|Any CPU.ActiveCfg = Debug|Any CPU
		{CCF47070-6258-4A4E-B918-E16022127AFA}.Debug|Any CPU.Build.0 = Debug|Any CPU
		{CCF47070-6258-4A4E-B918-E16022127AFA}.Debug|x64.ActiveCfg = Debug|Any CPU
		{CCF47070-6258-4A4E-B918-E16022127AFA}.Debug|x64.Build.0 = Debug|Any CPU
		{CCF47070-6258-4A4E-B918-E16022127AFA}.Debug|x86.ActiveCfg = Debug|Any CPU
		{CCF47070-6258-4A4E-B918-E16022127AFA}.Debug|x86.Build.0 = Debug|Any CPU
		{CCF47070-6258-4A4E-B918-E16022127AFA}.Release|Any CPU.ActiveCfg = Release|Any CPU
		{CCF47070-6258-4A4E-B918-E16022127AFA}.Release|Any CPU.Build.0 = Release|Any CPU
		{CCF47070-6258-4A4E-B918-E16022127AFA}.Release|x64.ActiveCfg = Release|Any CPU
		{CCF47070-6258-4A4E-B918-E16022127AFA}.Release|x64.Build.0 = Release|Any CPU
		{CCF47070-6258-4A4E-B918-E16022127AFA}.Release|x86.ActiveCfg = Release|Any CPU
		{CCF47070-6258-4A4E-B918-E16022127AFA}.Release|x86.Build.0 = Release|Any CPU
	EndGlobalSection
	GlobalSection(SolutionProperties) = preSolution
		HideSolutionNode = FALSE
	EndGlobalSection
	GlobalSection(ExtensibilityGlobals) = postSolution
		SolutionGuid = {3D7D3459-7C30-4C72-9811-E141CD3F6A44}
	EndGlobalSection
EndGlobal
